<?xml version="1.0" encoding="UTF-8"?>
<Project ToolsVersion="14.0" xmlns="http://schemas.microsoft.com/developer/msbuild/2003">
  <ItemGroup>
    <ClCompile Include="C:\Users\vic\Documents\obs-dev\obs-studio\plugins\obs-outputs\obs-outputs.c">
      <Filter>Source Files</Filter>
    </ClCompile>
    <ClCompile Include="C:\Users\vic\Documents\obs-dev\obs-studio\plugins\obs-outputs\rtmp-stream.c">
      <Filter>Source Files</Filter>
    </ClCompile>
    <ClCompile Include="C:\Users\vic\Documents\obs-dev\obs-studio\plugins\obs-outputs\flv-output.c">
      <Filter>Source Files</Filter>
    </ClCompile>
    <ClCompile Include="C:\Users\vic\Documents\obs-dev\obs-studio\plugins\obs-outputs\flv-mux.c">
      <Filter>Source Files</Filter>
    </ClCompile>
    <ClCompile Include="C:\Users\vic\Documents\obs-dev\obs-studio\plugins\obs-outputs\net-if.c">
      <Filter>Source Files</Filter>
    </ClCompile>
    <ClCompile Include="C:\Users\vic\Documents\obs-dev\obs-studio\plugins\obs-outputs\librtmp\amf.c">
      <Filter>Source Files</Filter>
    </ClCompile>
    <ClCompile Include="C:\Users\vic\Documents\obs-dev\obs-studio\plugins\obs-outputs\librtmp\cencode.c">
      <Filter>Source Files</Filter>
    </ClCompile>
    <ClCompile Include="C:\Users\vic\Documents\obs-dev\obs-studio\plugins\obs-outputs\librtmp\hashswf.c">
      <Filter>Source Files</Filter>
    </ClCompile>
    <ClCompile Include="C:\Users\vic\Documents\obs-dev\obs-studio\plugins\obs-outputs\librtmp\log.c">
      <Filter>Source Files</Filter>
    </ClCompile>
    <ClCompile Include="C:\Users\vic\Documents\obs-dev\obs-studio\plugins\obs-outputs\librtmp\md5.c">
      <Filter>Source Files</Filter>
    </ClCompile>
    <ClCompile Include="C:\Users\vic\Documents\obs-dev\obs-studio\plugins\obs-outputs\librtmp\parseurl.c">
      <Filter>Source Files</Filter>
    </ClCompile>
    <ClCompile Include="C:\Users\vic\Documents\obs-dev\obs-studio\plugins\obs-outputs\librtmp\rtmp.c">
      <Filter>Source Files</Filter>
    </ClCompile>
  </ItemGroup>
  <ItemGroup>
    <ClInclude Include="C:\Users\vic\Documents\obs-dev\obs-studio\plugins\obs-outputs\librtmp\amf.h">
      <Filter>Header Files</Filter>
    </ClInclude>
    <ClInclude Include="C:\Users\vic\Documents\obs-dev\obs-studio\plugins\obs-outputs\librtmp\bytes.h">
      <Filter>Header Files</Filter>
    </ClInclude>
    <ClInclude Include="C:\Users\vic\Documents\obs-dev\obs-studio\plugins\obs-outputs\librtmp\cencode.h">
      <Filter>Header Files</Filter>
    </ClInclude>
    <ClInclude Include="C:\Users\vic\Documents\obs-dev\obs-studio\plugins\obs-outputs\librtmp\dh.h">
      <Filter>Header Files</Filter>
    </ClInclude>
    <ClInclude Include="C:\Users\vic\Documents\obs-dev\obs-studio\plugins\obs-outputs\librtmp\dhgroups.h">
      <Filter>Header Files</Filter>
    </ClInclude>
    <ClInclude Include="C:\Users\vic\Documents\obs-dev\obs-studio\plugins\obs-outputs\librtmp\handshake.h">
      <Filter>Header Files</Filter>
    </ClInclude>
    <ClInclude Include="C:\Users\vic\Documents\obs-dev\obs-studio\plugins\obs-outputs\librtmp\http.h">
      <Filter>Header Files</Filter>
    </ClInclude>
    <ClInclude Include="C:\Users\vic\Documents\obs-dev\obs-studio\plugins\obs-outputs\librtmp\log.h">
      <Filter>Header Files</Filter>
    </ClInclude>
    <ClInclude Include="C:\Users\vic\Documents\obs-dev\obs-studio\plugins\obs-outputs\librtmp\md5.h">
      <Filter>Header Files</Filter>
    </ClInclude>
    <ClInclude Include="C:\Users\vic\Documents\obs-dev\obs-studio\plugins\obs-outputs\librtmp\rtmp.h">
      <Filter>Header Files</Filter>
    </ClInclude>
    <ClInclude Include="C:\Users\vic\Documents\obs-dev\obs-studio\plugins\obs-outputs\librtmp\rtmp_sys.h">
      <Filter>Header Files</Filter>
    </ClInclude>
  </ItemGroup>
  <ItemGroup>
    <CustomBuild Include="C:\Users\vic\Documents\obs-dev\obs-studio\plugins\obs-outputs\CMakeLists.txt" />
  </ItemGroup>
  <ItemGroup>
    <Filter Include="Source Files">
      <UniqueIdentifier>{A5CF637A-DDF7-39E8-B7B6-F7BC1892D376}</UniqueIdentifier>
    </Filter>
    <Filter Include="Header Files">
      <UniqueIdentifier>{CD97B140-67DC-325A-B8CE-EF435B57894F}</UniqueIdentifier>
    </Filter>
  </ItemGroup>
</Project>
