Microsoft Visual Studio Solution File, Format Version 12.00
# Visual Studio 14
Project("{8BC9CEB8-8B4A-11D0-8D11-00A0C91BC942}") = "ALL_BUILD", "ALL_BUILD.vcxproj", "{861BAC7A-44F9-34D6-BEBC-DB12CBF17DA5}"
	ProjectSection(ProjectDependencies) = postProject
		{FE3B290C-BAD8-334A-9DA7-3AECC4E94C64} = {FE3B290C-BAD8-334A-9DA7-3AECC4E94C64}
		{065097D1-290E-356F-8CAB-CDB6F52CEADB} = {065097D1-290E-356F-8CAB-CDB6F52CEADB}
	EndProjectSection
EndProject
Project("{8BC9CEB8-8B4A-11D0-8D11-00A0C91BC942}") = "INSTALL", "INSTALL.vcxproj", "{A59132C1-AE5E-36F5-9EA8-B11AD6907B1A}"
	ProjectSection(ProjectDependencies) = postProject
		{861BAC7A-44F9-34D6-BEBC-DB12CBF17DA5} = {861BAC7A-44F9-34D6-BEBC-DB12CBF17DA5}
		{FE3B290C-BAD8-334A-9DA7-3AECC4E94C64} = {FE3B290C-BAD8-334A-9DA7-3AECC4E94C64}
	EndProjectSection
EndProject
Project("{8BC9CEB8-8B4A-11D0-8D11-00A0C91BC942}") = "PACKAGE", "PACKAGE.vcxproj", "{9BD48EFA-F75C-3400-9CDD-180757C04808}"
	ProjectSection(ProjectDependencies) = postProject
		{861BAC7A-44F9-34D6-BEBC-DB12CBF17DA5} = {861BAC7A-44F9-34D6-BEBC-DB12CBF17DA5}
		{FE3B290C-BAD8-334A-9DA7-3AECC4E94C64} = {FE3B290C-BAD8-334A-9DA7-3AECC4E94C64}
	EndProjectSection
EndProject
Project("{8BC9CEB8-8B4A-11D0-8D11-00A0C91BC942}") = "ZERO_CHECK", "..\..\\ZERO_CHECK.vcxproj", "{FE3B290C-BAD8-334A-9DA7-3AECC4E94C64}"
	ProjectSection(ProjectDependencies) = postProject
	EndProjectSection
EndProject
Project("{8BC9CEB8-8B4A-11D0-8D11-00A0C91BC942}") = "jansson", "..\..\deps\jansson\jansson.vcxproj", "{82CFA70F-524A-3DCA-885D-5DE3E9C25D6C}"
	ProjectSection(ProjectDependencies) = postProject
		{FE3B290C-BAD8-334A-9DA7-3AECC4E94C64} = {FE3B290C-BAD8-334A-9DA7-3AECC4E94C64}
	EndProjectSection
EndProject
Project("{8BC9CEB8-8B4A-11D0-8D11-00A0C91BC942}") = "libobs", "..\..\libobs\libobs.vcxproj", "{B9A8559F-AC22-3A3B-AB21-2CCD3E2623F1}"
	ProjectSection(ProjectDependencies) = postProject
		{FE3B290C-BAD8-334A-9DA7-3AECC4E94C64} = {FE3B290C-BAD8-334A-9DA7-3AECC4E94C64}
		{82CFA70F-524A-3DCA-885D-5DE3E9C25D6C} = {82CFA70F-524A-3DCA-885D-5DE3E9C25D6C}
		{2A241A6E-C57F-3774-A705-5C2B30B0000C} = {2A241A6E-C57F-3774-A705-5C2B30B0000C}
	EndProjectSection
EndProject
Project("{8BC9CEB8-8B4A-11D0-8D11-00A0C91BC942}") = "obs-vst", "obs-vst.vcxproj", "{065097D1-290E-356F-8CAB-CDB6F52CEADB}"
	ProjectSection(ProjectDependencies) = postProject
		{FE3B290C-BAD8-334A-9DA7-3AECC4E94C64} = {FE3B290C-BAD8-334A-9DA7-3AECC4E94C64}
		{B9A8559F-AC22-3A3B-AB21-2CCD3E2623F1} = {B9A8559F-AC22-3A3B-AB21-2CCD3E2623F1}
	EndProjectSection
EndProject
Project("{8BC9CEB8-8B4A-11D0-8D11-00A0C91BC942}") = "w32-pthreads", "..\..\deps\w32-pthreads\w32-pthreads.vcxproj", "{2A241A6E-C57F-3774-A705-5C2B30B0000C}"
	ProjectSection(ProjectDependencies) = postProject
		{FE3B290C-BAD8-334A-9DA7-3AECC4E94C64} = {FE3B290C-BAD8-334A-9DA7-3AECC4E94C64}
	EndProjectSection
EndProject
Global
	GlobalSection(SolutionConfigurationPlatforms) = preSolution
		Debug|Win32 = Debug|Win32
		Release|Win32 = Release|Win32
		MinSizeRel|Win32 = MinSizeRel|Win32
		RelWithDebInfo|Win32 = RelWithDebInfo|Win32
	EndGlobalSection
	GlobalSection(ProjectConfigurationPlatforms) = postSolution
		{861BAC7A-44F9-34D6-BEBC-DB12CBF17DA5}.Debug|Win32.ActiveCfg = Debug|Win32
		{861BAC7A-44F9-34D6-BEBC-DB12CBF17DA5}.Debug|Win32.Build.0 = Debug|Win32
		{861BAC7A-44F9-34D6-BEBC-DB12CBF17DA5}.Release|Win32.ActiveCfg = Release|Win32
		{861BAC7A-44F9-34D6-BEBC-DB12CBF17DA5}.Release|Win32.Build.0 = Release|Win32
		{861BAC7A-44F9-34D6-BEBC-DB12CBF17DA5}.MinSizeRel|Win32.ActiveCfg = MinSizeRel|Win32
		{861BAC7A-44F9-34D6-BEBC-DB12CBF17DA5}.MinSizeRel|Win32.Build.0 = MinSizeRel|Win32
		{861BAC7A-44F9-34D6-BEBC-DB12CBF17DA5}.RelWithDebInfo|Win32.ActiveCfg = RelWithDebInfo|Win32
		{861BAC7A-44F9-34D6-BEBC-DB12CBF17DA5}.RelWithDebInfo|Win32.Build.0 = RelWithDebInfo|Win32
		{A59132C1-AE5E-36F5-9EA8-B11AD6907B1A}.Debug|Win32.ActiveCfg = Debug|Win32
		{A59132C1-AE5E-36F5-9EA8-B11AD6907B1A}.Release|Win32.ActiveCfg = Release|Win32
		{A59132C1-AE5E-36F5-9EA8-B11AD6907B1A}.MinSizeRel|Win32.ActiveCfg = MinSizeRel|Win32
		{A59132C1-AE5E-36F5-9EA8-B11AD6907B1A}.RelWithDebInfo|Win32.ActiveCfg = RelWithDebInfo|Win32
		{9BD48EFA-F75C-3400-9CDD-180757C04808}.Debug|Win32.ActiveCfg = Debug|Win32
		{9BD48EFA-F75C-3400-9CDD-180757C04808}.Release|Win32.ActiveCfg = Release|Win32
		{9BD48EFA-F75C-3400-9CDD-180757C04808}.MinSizeRel|Win32.ActiveCfg = MinSizeRel|Win32
		{9BD48EFA-F75C-3400-9CDD-180757C04808}.RelWithDebInfo|Win32.ActiveCfg = RelWithDebInfo|Win32
		{FE3B290C-BAD8-334A-9DA7-3AECC4E94C64}.Debug|Win32.ActiveCfg = Debug|Win32
		{FE3B290C-BAD8-334A-9DA7-3AECC4E94C64}.Debug|Win32.Build.0 = Debug|Win32
		{FE3B290C-BAD8-334A-9DA7-3AECC4E94C64}.Release|Win32.ActiveCfg = Release|Win32
		{FE3B290C-BAD8-334A-9DA7-3AECC4E94C64}.Release|Win32.Build.0 = Release|Win32
		{FE3B290C-BAD8-334A-9DA7-3AECC4E94C64}.MinSizeRel|Win32.ActiveCfg = MinSizeRel|Win32
		{FE3B290C-BAD8-334A-9DA7-3AECC4E94C64}.MinSizeRel|Win32.Build.0 = MinSizeRel|Win32
		{FE3B290C-BAD8-334A-9DA7-3AECC4E94C64}.RelWithDebInfo|Win32.ActiveCfg = RelWithDebInfo|Win32
		{FE3B290C-BAD8-334A-9DA7-3AECC4E94C64}.RelWithDebInfo|Win32.Build.0 = RelWithDebInfo|Win32
		{82CFA70F-524A-3DCA-885D-5DE3E9C25D6C}.Debug|Win32.ActiveCfg = Debug|Win32
		{82CFA70F-524A-3DCA-885D-5DE3E9C25D6C}.Debug|Win32.Build.0 = Debug|Win32
		{82CFA70F-524A-3DCA-885D-5DE3E9C25D6C}.Release|Win32.ActiveCfg = Release|Win32
		{82CFA70F-524A-3DCA-885D-5DE3E9C25D6C}.Release|Win32.Build.0 = Release|Win32
		{82CFA70F-524A-3DCA-885D-5DE3E9C25D6C}.MinSizeRel|Win32.ActiveCfg = MinSizeRel|Win32
		{82CFA70F-524A-3DCA-885D-5DE3E9C25D6C}.MinSizeRel|Win32.Build.0 = MinSizeRel|Win32
		{82CFA70F-524A-3DCA-885D-5DE3E9C25D6C}.RelWithDebInfo|Win32.ActiveCfg = RelWithDebInfo|Win32
		{82CFA70F-524A-3DCA-885D-5DE3E9C25D6C}.RelWithDebInfo|Win32.Build.0 = RelWithDebInfo|Win32
		{B9A8559F-AC22-3A3B-AB21-2CCD3E2623F1}.Debug|Win32.ActiveCfg = Debug|Win32
		{B9A8559F-AC22-3A3B-AB21-2CCD3E2623F1}.Debug|Win32.Build.0 = Debug|Win32
		{B9A8559F-AC22-3A3B-AB21-2CCD3E2623F1}.Release|Win32.ActiveCfg = Release|Win32
		{B9A8559F-AC22-3A3B-AB21-2CCD3E2623F1}.Release|Win32.Build.0 = Release|Win32
		{B9A8559F-AC22-3A3B-AB21-2CCD3E2623F1}.MinSizeRel|Win32.ActiveCfg = MinSizeRel|Win32
		{B9A8559F-AC22-3A3B-AB21-2CCD3E2623F1}.MinSizeRel|Win32.Build.0 = MinSizeRel|Win32
		{B9A8559F-AC22-3A3B-AB21-2CCD3E2623F1}.RelWithDebInfo|Win32.ActiveCfg = RelWithDebInfo|Win32
		{B9A8559F-AC22-3A3B-AB21-2CCD3E2623F1}.RelWithDebInfo|Win32.Build.0 = RelWithDebInfo|Win32
		{065097D1-290E-356F-8CAB-CDB6F52CEADB}.Debug|Win32.ActiveCfg = Debug|Win32
		{065097D1-290E-356F-8CAB-CDB6F52CEADB}.Debug|Win32.Build.0 = Debug|Win32
		{065097D1-290E-356F-8CAB-CDB6F52CEADB}.Release|Win32.ActiveCfg = Release|Win32
		{065097D1-290E-356F-8CAB-CDB6F52CEADB}.Release|Win32.Build.0 = Release|Win32
		{065097D1-290E-356F-8CAB-CDB6F52CEADB}.MinSizeRel|Win32.ActiveCfg = MinSizeRel|Win32
		{065097D1-290E-356F-8CAB-CDB6F52CEADB}.MinSizeRel|Win32.Build.0 = MinSizeRel|Win32
		{065097D1-290E-356F-8CAB-CDB6F52CEADB}.RelWithDebInfo|Win32.ActiveCfg = RelWithDebInfo|Win32
		{065097D1-290E-356F-8CAB-CDB6F52CEADB}.RelWithDebInfo|Win32.Build.0 = RelWithDebInfo|Win32
		{2A241A6E-C57F-3774-A705-5C2B30B0000C}.Debug|Win32.ActiveCfg = Debug|Win32
		{2A241A6E-C57F-3774-A705-5C2B30B0000C}.Debug|Win32.Build.0 = Debug|Win32
		{2A241A6E-C57F-3774-A705-5C2B30B0000C}.Release|Win32.ActiveCfg = Release|Win32
		{2A241A6E-C57F-3774-A705-5C2B30B0000C}.Release|Win32.Build.0 = Release|Win32
		{2A241A6E-C57F-3774-A705-5C2B30B0000C}.MinSizeRel|Win32.ActiveCfg = MinSizeRel|Win32
		{2A241A6E-C57F-3774-A705-5C2B30B0000C}.MinSizeRel|Win32.Build.0 = MinSizeRel|Win32
		{2A241A6E-C57F-3774-A705-5C2B30B0000C}.RelWithDebInfo|Win32.ActiveCfg = RelWithDebInfo|Win32
		{2A241A6E-C57F-3774-A705-5C2B30B0000C}.RelWithDebInfo|Win32.Build.0 = RelWithDebInfo|Win32
	EndGlobalSection
	GlobalSection(ExtensibilityGlobals) = postSolution
	EndGlobalSection
	GlobalSection(ExtensibilityAddIns) = postSolution
	EndGlobalSection
EndGlobal
