<?xml version="1.0" encoding="UTF-8"?>
<Project ToolsVersion="14.0" xmlns="http://schemas.microsoft.com/developer/msbuild/2003">
  <ItemGroup>
    <ClCompile Include="C:\Users\vic\Documents\obs-dev\obs-studio\plugins\obs-qsv11\common_directx9.cpp">
      <Filter>obs-qsv11\Source Files</Filter>
    </ClCompile>
    <ClCompile Include="C:\Users\vic\Documents\obs-dev\obs-studio\plugins\obs-qsv11\common_directx11.cpp">
      <Filter>obs-qsv11\Source Files</Filter>
    </ClCompile>
    <ClCompile Include="C:\Users\vic\Documents\obs-dev\obs-studio\plugins\obs-qsv11\common_utils.cpp">
      <Filter>obs-qsv11\Source Files</Filter>
    </ClCompile>
    <ClCompile Include="C:\Users\vic\Documents\obs-dev\obs-studio\plugins\obs-qsv11\common_utils_windows.cpp">
      <Filter>obs-qsv11\Source Files</Filter>
    </ClCompile>
    <ClCompile Include="C:\Users\vic\Documents\obs-dev\obs-studio\plugins\obs-qsv11\device_directx9.cpp">
      <Filter>obs-qsv11\Source Files</Filter>
    </ClCompile>
    <ClCompile Include="C:\Users\vic\Documents\obs-dev\obs-studio\plugins\obs-qsv11\QSV_Encoder.cpp">
      <Filter>obs-qsv11\Source Files</Filter>
    </ClCompile>
    <ClCompile Include="C:\Users\vic\Documents\obs-dev\obs-studio\plugins\obs-qsv11\QSV_Encoder_Internal.cpp">
      <Filter>obs-qsv11\Source Files</Filter>
    </ClCompile>
    <ClCompile Include="C:\Users\vic\Documents\obs-dev\obs-studio\plugins\obs-qsv11\obs-qsv11.c">
      <Filter>obs-qsv11\Source Files</Filter>
    </ClCompile>
    <ClCompile Include="C:\Users\vic\Documents\obs-dev\obs-studio\plugins\obs-qsv11\obs-qsv11-plugin-main.c">
      <Filter>obs-qsv11\Source Files</Filter>
    </ClCompile>
    <ClCompile Include="C:\Users\vic\Documents\obs-dev\obs-studio\plugins\obs-qsv11\libmfx\src\main.cpp">
      <Filter>libmfx\Source Files</Filter>
    </ClCompile>
    <ClCompile Include="C:\Users\vic\Documents\obs-dev\obs-studio\plugins\obs-qsv11\libmfx\src\mfx_critical_section.cpp">
      <Filter>libmfx\Source Files</Filter>
    </ClCompile>
    <ClCompile Include="C:\Users\vic\Documents\obs-dev\obs-studio\plugins\obs-qsv11\libmfx\src\mfx_dispatcher.cpp">
      <Filter>libmfx\Source Files</Filter>
    </ClCompile>
    <ClCompile Include="C:\Users\vic\Documents\obs-dev\obs-studio\plugins\obs-qsv11\libmfx\src\mfx_dispatcher_log.cpp">
      <Filter>libmfx\Source Files</Filter>
    </ClCompile>
    <ClCompile Include="C:\Users\vic\Documents\obs-dev\obs-studio\plugins\obs-qsv11\libmfx\src\mfx_dxva2_device.cpp">
      <Filter>libmfx\Source Files</Filter>
    </ClCompile>
    <ClCompile Include="C:\Users\vic\Documents\obs-dev\obs-studio\plugins\obs-qsv11\libmfx\src\mfx_function_table.cpp">
      <Filter>libmfx\Source Files</Filter>
    </ClCompile>
    <ClCompile Include="C:\Users\vic\Documents\obs-dev\obs-studio\plugins\obs-qsv11\libmfx\src\mfx_library_iterator.cpp">
      <Filter>libmfx\Source Files</Filter>
    </ClCompile>
    <ClCompile Include="C:\Users\vic\Documents\obs-dev\obs-studio\plugins\obs-qsv11\libmfx\src\mfx_load_dll.cpp">
      <Filter>libmfx\Source Files</Filter>
    </ClCompile>
    <ClCompile Include="C:\Users\vic\Documents\obs-dev\obs-studio\plugins\obs-qsv11\libmfx\src\mfx_load_plugin.cpp">
      <Filter>libmfx\Source Files</Filter>
    </ClCompile>
    <ClCompile Include="C:\Users\vic\Documents\obs-dev\obs-studio\plugins\obs-qsv11\libmfx\src\mfx_plugin_hive.cpp">
      <Filter>libmfx\Source Files</Filter>
    </ClCompile>
    <ClCompile Include="C:\Users\vic\Documents\obs-dev\obs-studio\plugins\obs-qsv11\libmfx\src\mfx_win_reg_key.cpp">
      <Filter>libmfx\Source Files</Filter>
    </ClCompile>
  </ItemGroup>
  <ItemGroup>
    <ClInclude Include="C:\Users\vic\Documents\obs-dev\obs-studio\plugins\obs-qsv11\bits\linux_defs.h">
      <Filter>obs-qsv11\Header Files</Filter>
    </ClInclude>
    <ClInclude Include="C:\Users\vic\Documents\obs-dev\obs-studio\plugins\obs-qsv11\bits\windows_defs.h">
      <Filter>obs-qsv11\Header Files</Filter>
    </ClInclude>
    <ClInclude Include="C:\Users\vic\Documents\obs-dev\obs-studio\plugins\obs-qsv11\common_directx9.h">
      <Filter>obs-qsv11\Header Files</Filter>
    </ClInclude>
    <ClInclude Include="C:\Users\vic\Documents\obs-dev\obs-studio\plugins\obs-qsv11\common_directx11.h">
      <Filter>obs-qsv11\Header Files</Filter>
    </ClInclude>
    <ClInclude Include="C:\Users\vic\Documents\obs-dev\obs-studio\plugins\obs-qsv11\device_directx9.h">
      <Filter>obs-qsv11\Header Files</Filter>
    </ClInclude>
    <ClInclude Include="C:\Users\vic\Documents\obs-dev\obs-studio\plugins\obs-qsv11\common_utils.h">
      <Filter>obs-qsv11\Header Files</Filter>
    </ClInclude>
    <ClInclude Include="C:\Users\vic\Documents\obs-dev\obs-studio\plugins\obs-qsv11\QSV_Encoder.h">
      <Filter>obs-qsv11\Header Files</Filter>
    </ClInclude>
    <ClInclude Include="C:\Users\vic\Documents\obs-dev\obs-studio\plugins\obs-qsv11\QSV_Encoder_Internal.h">
      <Filter>obs-qsv11\Header Files</Filter>
    </ClInclude>
    <ClInclude Include="C:\Users\vic\Documents\obs-dev\obs-studio\plugins\obs-qsv11\libmfx\include\msdk\include\mfxastructures.h">
      <Filter>libmfx\Header Files</Filter>
    </ClInclude>
    <ClInclude Include="C:\Users\vic\Documents\obs-dev\obs-studio\plugins\obs-qsv11\libmfx\include\msdk\include\mfxaudio.h">
      <Filter>libmfx\Header Files</Filter>
    </ClInclude>
    <ClInclude Include="C:\Users\vic\Documents\obs-dev\obs-studio\plugins\obs-qsv11\libmfx\include\msdk\include\mfxaudio++.h">
      <Filter>libmfx\Header Files</Filter>
    </ClInclude>
    <ClInclude Include="C:\Users\vic\Documents\obs-dev\obs-studio\plugins\obs-qsv11\libmfx\include\msdk\include\mfxcommon.h">
      <Filter>libmfx\Header Files</Filter>
    </ClInclude>
    <ClInclude Include="C:\Users\vic\Documents\obs-dev\obs-studio\plugins\obs-qsv11\libmfx\include\msdk\include\mfxdefs.h">
      <Filter>libmfx\Header Files</Filter>
    </ClInclude>
    <ClInclude Include="C:\Users\vic\Documents\obs-dev\obs-studio\plugins\obs-qsv11\libmfx\include\msdk\include\mfxjpeg.h">
      <Filter>libmfx\Header Files</Filter>
    </ClInclude>
    <ClInclude Include="C:\Users\vic\Documents\obs-dev\obs-studio\plugins\obs-qsv11\libmfx\include\msdk\include\mfxmvc.h">
      <Filter>libmfx\Header Files</Filter>
    </ClInclude>
    <ClInclude Include="C:\Users\vic\Documents\obs-dev\obs-studio\plugins\obs-qsv11\libmfx\include\msdk\include\mfxplugin.h">
      <Filter>libmfx\Header Files</Filter>
    </ClInclude>
    <ClInclude Include="C:\Users\vic\Documents\obs-dev\obs-studio\plugins\obs-qsv11\libmfx\include\msdk\include\mfxplugin++.h">
      <Filter>libmfx\Header Files</Filter>
    </ClInclude>
    <ClInclude Include="C:\Users\vic\Documents\obs-dev\obs-studio\plugins\obs-qsv11\libmfx\include\msdk\include\mfxsession.h">
      <Filter>libmfx\Header Files</Filter>
    </ClInclude>
    <ClInclude Include="C:\Users\vic\Documents\obs-dev\obs-studio\plugins\obs-qsv11\libmfx\include\msdk\include\mfxstructures.h">
      <Filter>libmfx\Header Files</Filter>
    </ClInclude>
    <ClInclude Include="C:\Users\vic\Documents\obs-dev\obs-studio\plugins\obs-qsv11\libmfx\include\msdk\include\mfxvideo.h">
      <Filter>libmfx\Header Files</Filter>
    </ClInclude>
    <ClInclude Include="C:\Users\vic\Documents\obs-dev\obs-studio\plugins\obs-qsv11\libmfx\include\msdk\include\mfxvideo++.h">
      <Filter>libmfx\Header Files</Filter>
    </ClInclude>
    <ClInclude Include="C:\Users\vic\Documents\obs-dev\obs-studio\plugins\obs-qsv11\libmfx\include\msdk\include\mfxvstructures.h">
      <Filter>libmfx\Header Files</Filter>
    </ClInclude>
    <ClInclude Include="C:\Users\vic\Documents\obs-dev\obs-studio\plugins\obs-qsv11\libmfx\include\mfx_critical_section.h">
      <Filter>libmfx\Header Files</Filter>
    </ClInclude>
    <ClInclude Include="C:\Users\vic\Documents\obs-dev\obs-studio\plugins\obs-qsv11\libmfx\include\mfx_dispatcher.h">
      <Filter>libmfx\Header Files</Filter>
    </ClInclude>
    <ClInclude Include="C:\Users\vic\Documents\obs-dev\obs-studio\plugins\obs-qsv11\libmfx\include\mfx_dispatcher_defs.h">
      <Filter>libmfx\Header Files</Filter>
    </ClInclude>
    <ClInclude Include="C:\Users\vic\Documents\obs-dev\obs-studio\plugins\obs-qsv11\libmfx\include\mfx_dispatcher_log.h">
      <Filter>libmfx\Header Files</Filter>
    </ClInclude>
    <ClInclude Include="C:\Users\vic\Documents\obs-dev\obs-studio\plugins\obs-qsv11\libmfx\include\mfx_dxva2_device.h">
      <Filter>libmfx\Header Files</Filter>
    </ClInclude>
    <ClInclude Include="C:\Users\vic\Documents\obs-dev\obs-studio\plugins\obs-qsv11\libmfx\include\mfx_exposed_functions_list.h">
      <Filter>libmfx\Header Files</Filter>
    </ClInclude>
    <ClInclude Include="C:\Users\vic\Documents\obs-dev\obs-studio\plugins\obs-qsv11\libmfx\include\mfx_library_iterator.h">
      <Filter>libmfx\Header Files</Filter>
    </ClInclude>
    <ClInclude Include="C:\Users\vic\Documents\obs-dev\obs-studio\plugins\obs-qsv11\libmfx\include\mfx_load_dll.h">
      <Filter>libmfx\Header Files</Filter>
    </ClInclude>
    <ClInclude Include="C:\Users\vic\Documents\obs-dev\obs-studio\plugins\obs-qsv11\libmfx\include\mfx_load_plugin.h">
      <Filter>libmfx\Header Files</Filter>
    </ClInclude>
    <ClInclude Include="C:\Users\vic\Documents\obs-dev\obs-studio\plugins\obs-qsv11\libmfx\include\mfx_plugin_hive.h">
      <Filter>libmfx\Header Files</Filter>
    </ClInclude>
    <ClInclude Include="C:\Users\vic\Documents\obs-dev\obs-studio\plugins\obs-qsv11\libmfx\include\mfx_vector.h">
      <Filter>libmfx\Header Files</Filter>
    </ClInclude>
    <ClInclude Include="C:\Users\vic\Documents\obs-dev\obs-studio\plugins\obs-qsv11\libmfx\include\mfx_win_reg_key.h">
      <Filter>libmfx\Header Files</Filter>
    </ClInclude>
    <ClInclude Include="C:\Users\vic\Documents\obs-dev\obs-studio\plugins\obs-qsv11\libmfx\include\mfxaudio_exposed_functions_list.h">
      <Filter>libmfx\Header Files</Filter>
    </ClInclude>
  </ItemGroup>
  <ItemGroup>
    <CustomBuild Include="C:\Users\vic\Documents\obs-dev\obs-studio\plugins\obs-qsv11\CMakeLists.txt" />
  </ItemGroup>
  <ItemGroup>
    <Filter Include="obs-qsv11">
      <UniqueIdentifier>{C119F156-AA6B-31EE-830A-5E9D80370CE3}</UniqueIdentifier>
    </Filter>
    <Filter Include="libmfx">
      <UniqueIdentifier>{DDD829B4-1189-3930-81A0-5969FC279EA9}</UniqueIdentifier>
    </Filter>
    <Filter Include="obs-qsv11\Source Files">
      <UniqueIdentifier>{45DCD2E5-094D-3C1A-90A3-800F9489BBE7}</UniqueIdentifier>
    </Filter>
    <Filter Include="obs-qsv11\Header Files">
      <UniqueIdentifier>{E5F02976-68D3-3384-BE74-30D74D59CE8C}</UniqueIdentifier>
    </Filter>
    <Filter Include="libmfx\Source Files">
      <UniqueIdentifier>{C718AFB8-5B95-387B-A6D5-95C424EEBFEB}</UniqueIdentifier>
    </Filter>
    <Filter Include="libmfx\Header Files">
      <UniqueIdentifier>{AD04F5F8-CF20-32A4-B385-CC26C5CDC299}</UniqueIdentifier>
    </Filter>
  </ItemGroup>
</Project>
