<?xml version="1.0" encoding="UTF-8"?>
<Project ToolsVersion="14.0" xmlns="http://schemas.microsoft.com/developer/msbuild/2003">
  <ItemGroup>
    <ClCompile Include="C:\Users\vic\Documents\obs-dev\obs-studio\plugins\obs-ffmpeg\obs-ffmpeg.c">
      <Filter>Source Files</Filter>
    </ClCompile>
    <ClCompile Include="C:\Users\vic\Documents\obs-dev\obs-studio\plugins\obs-ffmpeg\obs-ffmpeg-aac.c">
      <Filter>Source Files</Filter>
    </ClCompile>
    <ClCompile Include="C:\Users\vic\Documents\obs-dev\obs-studio\plugins\obs-ffmpeg\obs-ffmpeg-nvenc.c">
      <Filter>Source Files</Filter>
    </ClCompile>
    <ClCompile Include="C:\Users\vic\Documents\obs-dev\obs-studio\plugins\obs-ffmpeg\obs-ffmpeg-output.c">
      <Filter>Source Files</Filter>
    </ClCompile>
    <ClCompile Include="C:\Users\vic\Documents\obs-dev\obs-studio\plugins\obs-ffmpeg\obs-ffmpeg-mux.c">
      <Filter>Source Files</Filter>
    </ClCompile>
    <ClCompile Include="C:\Users\vic\Documents\obs-dev\obs-studio\plugins\obs-ffmpeg\obs-ffmpeg-source.c">
      <Filter>Source Files</Filter>
    </ClCompile>
  </ItemGroup>
  <ItemGroup>
    <ClInclude Include="C:\Users\vic\Documents\obs-dev\obs-studio\plugins\obs-ffmpeg\obs-ffmpeg-formats.h">
      <Filter>Header Files</Filter>
    </ClInclude>
    <ClInclude Include="C:\Users\vic\Documents\obs-dev\obs-studio\plugins\obs-ffmpeg\obs-ffmpeg-compat.h">
      <Filter>Header Files</Filter>
    </ClInclude>
    <ClInclude Include="C:\Users\vic\Documents\obs-dev\obs-studio\plugins\obs-ffmpeg\closest-pixel-format.h">
      <Filter>Header Files</Filter>
    </ClInclude>
  </ItemGroup>
  <ItemGroup>
    <CustomBuild Include="C:\Users\vic\Documents\obs-dev\obs-studio\plugins\obs-ffmpeg\CMakeLists.txt" />
  </ItemGroup>
  <ItemGroup>
    <Filter Include="Source Files">
      <UniqueIdentifier>{E476495B-E0C8-34EC-9C7E-4E689E1E484A}</UniqueIdentifier>
    </Filter>
    <Filter Include="Header Files">
      <UniqueIdentifier>{0A34DB7A-A549-3125-99CB-6F0F29102837}</UniqueIdentifier>
    </Filter>
  </ItemGroup>
</Project>
