Microsoft Visual Studio Solution File, Format Version 12.00
# Visual Studio 14
Project("{8BC9CEB8-8B4A-11D0-8D11-00A0C91BC942}") = "ALL_BUILD", "ALL_BUILD.vcxproj", "{D9F59703-3856-3F9B-91BD-F22EFDFEE88D}"
	ProjectSection(ProjectDependencies) = postProject
		{80221285-675C-3FB1-9F9A-18B891B73F3D} = {80221285-675C-3FB1-9F9A-18B891B73F3D}
		{E1462AD8-71B5-3E31-B21E-149DF8F8E862} = {E1462AD8-71B5-3E31-B21E-149DF8F8E862}
	EndProjectSection
EndProject
Project("{8BC9CEB8-8B4A-11D0-8D11-00A0C91BC942}") = "INSTALL", "INSTALL.vcxproj", "{ECC9A748-2FF7-392E-8B13-84694CD8F278}"
	ProjectSection(ProjectDependencies) = postProject
		{D9F59703-3856-3F9B-91BD-F22EFDFEE88D} = {D9F59703-3856-3F9B-91BD-F22EFDFEE88D}
		{80221285-675C-3FB1-9F9A-18B891B73F3D} = {80221285-675C-3FB1-9F9A-18B891B73F3D}
	EndProjectSection
EndProject
Project("{8BC9CEB8-8B4A-11D0-8D11-00A0C91BC942}") = "PACKAGE", "PACKAGE.vcxproj", "{24A0FAC4-78E4-39EA-86DA-0F92F96E6C04}"
	ProjectSection(ProjectDependencies) = postProject
		{D9F59703-3856-3F9B-91BD-F22EFDFEE88D} = {D9F59703-3856-3F9B-91BD-F22EFDFEE88D}
		{80221285-675C-3FB1-9F9A-18B891B73F3D} = {80221285-675C-3FB1-9F9A-18B891B73F3D}
	EndProjectSection
EndProject
Project("{8BC9CEB8-8B4A-11D0-8D11-00A0C91BC942}") = "ZERO_CHECK", "..\..\\ZERO_CHECK.vcxproj", "{80221285-675C-3FB1-9F9A-18B891B73F3D}"
	ProjectSection(ProjectDependencies) = postProject
	EndProjectSection
EndProject
Project("{8BC9CEB8-8B4A-11D0-8D11-00A0C91BC942}") = "jansson", "..\..\deps\jansson\jansson.vcxproj", "{B9C037B9-DAB9-3C0C-8601-E9588E444D1D}"
	ProjectSection(ProjectDependencies) = postProject
		{80221285-675C-3FB1-9F9A-18B891B73F3D} = {80221285-675C-3FB1-9F9A-18B891B73F3D}
	EndProjectSection
EndProject
Project("{8BC9CEB8-8B4A-11D0-8D11-00A0C91BC942}") = "libobs", "..\..\libobs\libobs.vcxproj", "{A54A0B0D-7C85-3165-803A-216A1072A30F}"
	ProjectSection(ProjectDependencies) = postProject
		{80221285-675C-3FB1-9F9A-18B891B73F3D} = {80221285-675C-3FB1-9F9A-18B891B73F3D}
		{B9C037B9-DAB9-3C0C-8601-E9588E444D1D} = {B9C037B9-DAB9-3C0C-8601-E9588E444D1D}
		{E6DA8DA4-D4B9-3F04-8FD8-189B5E78DE4C} = {E6DA8DA4-D4B9-3F04-8FD8-189B5E78DE4C}
	EndProjectSection
EndProject
Project("{8BC9CEB8-8B4A-11D0-8D11-00A0C91BC942}") = "obs-x264", "obs-x264.vcxproj", "{E1462AD8-71B5-3E31-B21E-149DF8F8E862}"
	ProjectSection(ProjectDependencies) = postProject
		{80221285-675C-3FB1-9F9A-18B891B73F3D} = {80221285-675C-3FB1-9F9A-18B891B73F3D}
		{A54A0B0D-7C85-3165-803A-216A1072A30F} = {A54A0B0D-7C85-3165-803A-216A1072A30F}
	EndProjectSection
EndProject
Project("{8BC9CEB8-8B4A-11D0-8D11-00A0C91BC942}") = "w32-pthreads", "..\..\deps\w32-pthreads\w32-pthreads.vcxproj", "{E6DA8DA4-D4B9-3F04-8FD8-189B5E78DE4C}"
	ProjectSection(ProjectDependencies) = postProject
		{80221285-675C-3FB1-9F9A-18B891B73F3D} = {80221285-675C-3FB1-9F9A-18B891B73F3D}
	EndProjectSection
EndProject
Global
	GlobalSection(SolutionConfigurationPlatforms) = preSolution
		Debug|x64 = Debug|x64
		Release|x64 = Release|x64
		MinSizeRel|x64 = MinSizeRel|x64
		RelWithDebInfo|x64 = RelWithDebInfo|x64
	EndGlobalSection
	GlobalSection(ProjectConfigurationPlatforms) = postSolution
		{D9F59703-3856-3F9B-91BD-F22EFDFEE88D}.Debug|x64.ActiveCfg = Debug|x64
		{D9F59703-3856-3F9B-91BD-F22EFDFEE88D}.Debug|x64.Build.0 = Debug|x64
		{D9F59703-3856-3F9B-91BD-F22EFDFEE88D}.Release|x64.ActiveCfg = Release|x64
		{D9F59703-3856-3F9B-91BD-F22EFDFEE88D}.Release|x64.Build.0 = Release|x64
		{D9F59703-3856-3F9B-91BD-F22EFDFEE88D}.MinSizeRel|x64.ActiveCfg = MinSizeRel|x64
		{D9F59703-3856-3F9B-91BD-F22EFDFEE88D}.MinSizeRel|x64.Build.0 = MinSizeRel|x64
		{D9F59703-3856-3F9B-91BD-F22EFDFEE88D}.RelWithDebInfo|x64.ActiveCfg = RelWithDebInfo|x64
		{D9F59703-3856-3F9B-91BD-F22EFDFEE88D}.RelWithDebInfo|x64.Build.0 = RelWithDebInfo|x64
		{ECC9A748-2FF7-392E-8B13-84694CD8F278}.Debug|x64.ActiveCfg = Debug|x64
		{ECC9A748-2FF7-392E-8B13-84694CD8F278}.Release|x64.ActiveCfg = Release|x64
		{ECC9A748-2FF7-392E-8B13-84694CD8F278}.MinSizeRel|x64.ActiveCfg = MinSizeRel|x64
		{ECC9A748-2FF7-392E-8B13-84694CD8F278}.RelWithDebInfo|x64.ActiveCfg = RelWithDebInfo|x64
		{24A0FAC4-78E4-39EA-86DA-0F92F96E6C04}.Debug|x64.ActiveCfg = Debug|x64
		{24A0FAC4-78E4-39EA-86DA-0F92F96E6C04}.Release|x64.ActiveCfg = Release|x64
		{24A0FAC4-78E4-39EA-86DA-0F92F96E6C04}.MinSizeRel|x64.ActiveCfg = MinSizeRel|x64
		{24A0FAC4-78E4-39EA-86DA-0F92F96E6C04}.RelWithDebInfo|x64.ActiveCfg = RelWithDebInfo|x64
		{80221285-675C-3FB1-9F9A-18B891B73F3D}.Debug|x64.ActiveCfg = Debug|x64
		{80221285-675C-3FB1-9F9A-18B891B73F3D}.Debug|x64.Build.0 = Debug|x64
		{80221285-675C-3FB1-9F9A-18B891B73F3D}.Release|x64.ActiveCfg = Release|x64
		{80221285-675C-3FB1-9F9A-18B891B73F3D}.Release|x64.Build.0 = Release|x64
		{80221285-675C-3FB1-9F9A-18B891B73F3D}.MinSizeRel|x64.ActiveCfg = MinSizeRel|x64
		{80221285-675C-3FB1-9F9A-18B891B73F3D}.MinSizeRel|x64.Build.0 = MinSizeRel|x64
		{80221285-675C-3FB1-9F9A-18B891B73F3D}.RelWithDebInfo|x64.ActiveCfg = RelWithDebInfo|x64
		{80221285-675C-3FB1-9F9A-18B891B73F3D}.RelWithDebInfo|x64.Build.0 = RelWithDebInfo|x64
		{B9C037B9-DAB9-3C0C-8601-E9588E444D1D}.Debug|x64.ActiveCfg = Debug|x64
		{B9C037B9-DAB9-3C0C-8601-E9588E444D1D}.Debug|x64.Build.0 = Debug|x64
		{B9C037B9-DAB9-3C0C-8601-E9588E444D1D}.Release|x64.ActiveCfg = Release|x64
		{B9C037B9-DAB9-3C0C-8601-E9588E444D1D}.Release|x64.Build.0 = Release|x64
		{B9C037B9-DAB9-3C0C-8601-E9588E444D1D}.MinSizeRel|x64.ActiveCfg = MinSizeRel|x64
		{B9C037B9-DAB9-3C0C-8601-E9588E444D1D}.MinSizeRel|x64.Build.0 = MinSizeRel|x64
		{B9C037B9-DAB9-3C0C-8601-E9588E444D1D}.RelWithDebInfo|x64.ActiveCfg = RelWithDebInfo|x64
		{B9C037B9-DAB9-3C0C-8601-E9588E444D1D}.RelWithDebInfo|x64.Build.0 = RelWithDebInfo|x64
		{A54A0B0D-7C85-3165-803A-216A1072A30F}.Debug|x64.ActiveCfg = Debug|x64
		{A54A0B0D-7C85-3165-803A-216A1072A30F}.Debug|x64.Build.0 = Debug|x64
		{A54A0B0D-7C85-3165-803A-216A1072A30F}.Release|x64.ActiveCfg = Release|x64
		{A54A0B0D-7C85-3165-803A-216A1072A30F}.Release|x64.Build.0 = Release|x64
		{A54A0B0D-7C85-3165-803A-216A1072A30F}.MinSizeRel|x64.ActiveCfg = MinSizeRel|x64
		{A54A0B0D-7C85-3165-803A-216A1072A30F}.MinSizeRel|x64.Build.0 = MinSizeRel|x64
		{A54A0B0D-7C85-3165-803A-216A1072A30F}.RelWithDebInfo|x64.ActiveCfg = RelWithDebInfo|x64
		{A54A0B0D-7C85-3165-803A-216A1072A30F}.RelWithDebInfo|x64.Build.0 = RelWithDebInfo|x64
		{E1462AD8-71B5-3E31-B21E-149DF8F8E862}.Debug|x64.ActiveCfg = Debug|x64
		{E1462AD8-71B5-3E31-B21E-149DF8F8E862}.Debug|x64.Build.0 = Debug|x64
		{E1462AD8-71B5-3E31-B21E-149DF8F8E862}.Release|x64.ActiveCfg = Release|x64
		{E1462AD8-71B5-3E31-B21E-149DF8F8E862}.Release|x64.Build.0 = Release|x64
		{E1462AD8-71B5-3E31-B21E-149DF8F8E862}.MinSizeRel|x64.ActiveCfg = MinSizeRel|x64
		{E1462AD8-71B5-3E31-B21E-149DF8F8E862}.MinSizeRel|x64.Build.0 = MinSizeRel|x64
		{E1462AD8-71B5-3E31-B21E-149DF8F8E862}.RelWithDebInfo|x64.ActiveCfg = RelWithDebInfo|x64
		{E1462AD8-71B5-3E31-B21E-149DF8F8E862}.RelWithDebInfo|x64.Build.0 = RelWithDebInfo|x64
		{E6DA8DA4-D4B9-3F04-8FD8-189B5E78DE4C}.Debug|x64.ActiveCfg = Debug|x64
		{E6DA8DA4-D4B9-3F04-8FD8-189B5E78DE4C}.Debug|x64.Build.0 = Debug|x64
		{E6DA8DA4-D4B9-3F04-8FD8-189B5E78DE4C}.Release|x64.ActiveCfg = Release|x64
		{E6DA8DA4-D4B9-3F04-8FD8-189B5E78DE4C}.Release|x64.Build.0 = Release|x64
		{E6DA8DA4-D4B9-3F04-8FD8-189B5E78DE4C}.MinSizeRel|x64.ActiveCfg = MinSizeRel|x64
		{E6DA8DA4-D4B9-3F04-8FD8-189B5E78DE4C}.MinSizeRel|x64.Build.0 = MinSizeRel|x64
		{E6DA8DA4-D4B9-3F04-8FD8-189B5E78DE4C}.RelWithDebInfo|x64.ActiveCfg = RelWithDebInfo|x64
		{E6DA8DA4-D4B9-3F04-8FD8-189B5E78DE4C}.RelWithDebInfo|x64.Build.0 = RelWithDebInfo|x64
	EndGlobalSection
	GlobalSection(ExtensibilityGlobals) = postSolution
	EndGlobalSection
	GlobalSection(ExtensibilityAddIns) = postSolution
	EndGlobalSection
EndGlobal
